{
  "name": "yi-timelapse",
  "version": "1.0.0",
  "lockfileVersion": 1,
  "requires": true,
  "dependencies": {
    "yi-action-camera": {
      "version": "0.1.4",
      "resolved": "https://registry.npmjs.org/yi-action-camera/-/yi-action-camera-0.1.4.tgz",
      "integrity": "sha512-XUu2RICqWCpOyWAsCPptJoKPLy4aElGJjmIb5Gr+bySRX84e+ql0rg09KJoiH7OwbC3gHtxZun7isF2p8CfdFA=="
    }
  }
}
